// !$*UTF8*$!
{
	archiveVersion = 1;
	classes = {
	};
	objectVersion = 46;
	objects = {

/* Begin PBXBuildFile section */
		A0D61A531BD8F9FF006200FD /* AppDelegate.swift in Sources */ = {isa = PBXBuildFile; fileRef = A0D61A521BD8F9FF006200FD /* AppDelegate.swift */; };
		A0D61A551BD8F9FF006200FD /* ViewController.swift in Sources */ = {isa = PBXBuildFile; fileRef = A0D61A541BD8F9FF006200FD /* ViewController.swift */; };
		A0D61A581BD8F9FF006200FD /* Main.storyboard in Resources */ = {isa = PBXBuildFile; fileRef = A0D61A561BD8F9FF006200FD /* Main.storyboard */; };
		A0D61A5A1BD8F9FF006200FD /* Assets.xcassets in Resources */ = {isa = PBXBuildFile; fileRef = A0D61A591BD8F9FF006200FD /* Assets.xcassets */; };
		A0D61A5D1BD8F9FF006200FD /* LaunchScreen.storyboard in Resources */ = {isa = PBXBuildFile; fileRef = A0D61A5B1BD8F9FF006200FD /* LaunchScreen.storyboard */; };
/* End PBXBuildFile section */

/* Begin PBXFileReference section */
		A0D61A4F1BD8F9FF006200FD /* CloudIMTest.app */ = {isa = PBXFileReference; explicitFileType = wrapper.application; includeInIndex = 0; path = CloudIMTest.app; sourceTree = BUILT_PRODUCTS_DIR; };
		A0D61A521BD8F9FF006200FD /* AppDelegate.swift */ = {isa = PBXFileReference; lastKnownFileType = sourcecode.swift; path = AppDelegate.swift; sourceTree = "<group>"; };
		A0D61A541BD8F9FF006200FD /* ViewController.swift */ = {isa = PBXFileReference; lastKnownFileType = sourcecode.swift; path = ViewController.swift; sourceTree = "<group>"; };
		A0D61A571BD8F9FF006200FD /* Base */ = {isa = PBXFileReference; lastKnownFileType = file.storyboard; name = Base; path = Base.lproj/Main.storyboard; sourceTree = "<group>"; };
		A0D61A591BD8F9FF006200FD /* Assets.xcassets */ = {isa = PBXFileReference; lastKnownFileType = folder.assetcatalog; path = Assets.xcassets; sourceTree = "<group>"; };
		A0D61A5C1BD8F9FF006200FD /* Base */ = {isa = PBXFileReference; lastKnownFileType = file.storyboard; name = Base; path = Base.lproj/LaunchScreen.storyboard; sourceTree = "<group>"; };
		A0D61A5E1BD8F9FF006200FD /* Info.plist */ = {isa = PBXFileReference; lastKnownFileType = text.plist.xml; path = Info.plist; sourceTree = "<group>"; };
/* End PBXFileReference section */

/* Begin PBXFrameworksBuildPhase section */
		A0D61A4C1BD8F9FF006200FD /* Frameworks */ = {
			isa = PBXFrameworksBuildPhase;
			buildActionMask = 2147483647;
			files = (
			);
			runOnlyForDeploymentPostprocessing = 0;
		};
/* End PBXFrameworksBuildPhase section */

/* Begin PBXGroup section */
		A0D61A461BD8F9FF006200FD = {
			isa = PBXGroup;
			children = (
				A0D61A511BD8F9FF006200FD /* CloudIMTest */,
				A0D61A501BD8F9FF006200FD /* Products */,
			);
			sourceTree = "<group>";
		};
		A0D61A501BD8F9FF006200FD /* Products */ = {
			isa = PBXGroup;
			children = (
				A0D61A4F1BD8F9FF006200FD /* CloudIMTest.app */,
			);
			name = Products;
			sourceTree = "<group>";
		};
		A0D61A511BD8F9FF006200FD /* CloudIMTest */ = {
			isa = PBXGroup;
			children = (
				A0D61A521BD8F9FF006200FD /* AppDelegate.swift */,
				A0D61A541BD8F9FF006200FD /* ViewController.swift */,
				A0D61A561BD8F9FF006200FD /* Main.storyboard */,
				A0D61A591BD8F9FF006200FD /* Assets.xcassets */,
				A0D61A5B1BD8F9FF006200FD /* LaunchScreen.storyboard */,
				A0D61A5E1BD8F9FF006200FD /* Info.plist */,
			);
			path = CloudIMTest;
			sourceTree = "<group>";
		};
/* End PBXGroup section */

/* Begin PBXNativeTarget section */
		A0D61A4E1BD8F9FF006200FD /* CloudIMTest */ = {
			isa = PBXNativeTarget;
			buildConfigurationList = A0D61A611BD8F9FF006200FD /* Build configuration list for PBXNativeTarget "CloudIMTest" */;
			buildPhases = (
				A0D61A4B1BD8F9FF006200FD /* Sources */,
				A0D61A4C1BD8F9FF006200FD /* Frameworks */,
				A0D61A4D1BD8F9FF006200FD /* Resources */,
			);
			buildRules = (
			);
			dependencies = (
			);
			name = CloudIMTest;
			productName = CloudIMTest;
			productReference = A0D61A4F1BD8F9FF006200FD /* CloudIMTest.app */;
			productType = "com.apple.product-type.application";
		};
/* End PBXNativeTarget section */

/* Begin PBXProject section */
		A0D61A471BD8F9FF006200FD /* Project object */ = {
			isa = PBXProject;
			attributes = {
				LastUpgradeCheck = 0700;
				ORGANIZATIONNAME = AppCode;
				TargetAttributes = {
					A0D61A4E1BD8F9FF006200FD = {
						CreatedOnToolsVersion = 7.0.1;
					};
				};
			};
			buildConfigurationList = A0D61A4A1BD8F9FF006200FD /* Build configuration list for PBXProject "CloudIMTest" */;
			compatibilityVersion = "Xcode 3.2";
			developmentRegion = English;
			hasScannedForEncodings = 0;
			knownRegions = (
				en,
				Base,
			);
			mainGroup = A0D61A461BD8F9FF006200FD;
			productRefGroup = A0D61A501BD8F9FF006200FD /* Products */;
			projectDirPath = "";
			projectRoot = "";
			targets = (
				A0D61A4E1BD8F9FF006200FD /* CloudIMTest */,
			);
		};
/* End PBXProject section */

/* Begin PBXResourcesBuildPhase section */
		A0D61A4D1BD8F9FF006200FD /* Resources */ = {
			isa = PBXResourcesBuildPhase;
			buildActionMask = 2147483647;
			files = (
				A0D61A5D1BD8F9FF006200FD /* LaunchScreen.storyboard in Resources */,
				A0D61A5A1BD8F9FF006200FD /* Assets.xcassets in Resources */,
				A0D61A581BD8F9FF006200FD /* Main.storyboard in Resources */,
			);
			runOnlyForDeploymentPostprocessing = 0;
		};
/* End PBXResourcesBuildPhase section */

/* Begin PBXSourcesBuildPhase section */
		A0D61A4B1BD8F9FF006200FD /* Sources */ = {
			isa = PBXSourcesBuildPhase;
			buildActionMask = 2147483647;
			files = (
				A0D61A551BD8F9FF006200FD /* ViewController.swift in Sources */,
				A0D61A531BD8F9FF006200FD /* AppDelegate.swift in Sources */,
			);
			runOnlyForDeploymentPostprocessing = 0;
		};
/* End PBXSourcesBuildPhase section */

/* Begin PBXVariantGroup section */
		A0D61A561BD8F9FF006200FD /* Main.storyboard */ = {
			isa = PBXVariantGroup;
			children = (
				A0D61A571BD8F9FF006200FD /* Base */,
			);
			name = Main.storyboard;
			sourceTree = "<group>";
		};
		A0D61A5B1BD8F9FF006200FD /* LaunchScreen.storyboard */ = {
			isa = PBXVariantGroup;
			children = (
				A0D61A5C1BD8F9FF006200FD /* Base */,
			);
			name = LaunchScreen.storyboard;
			sourceTree = "<group>";
		};
/* End PBXVariantGroup section */

/* Begin XCBuildConfiguration section */
		A0D61A5F1BD8F9FF006200FD /* Debug */ = {
			isa = XCBuildConfiguration;
			buildSettings = {
				ALWAYS_SEARCH_USER_PATHS = NO;
				CLANG_CXX_LANGUAGE_STANDARD = "gnu++0x";
				CLANG_CXX_LIBRARY = "libc++";
				CLANG_ENABLE_MODULES = YES;
				CLANG_ENABLE_OBJC_ARC = YES;
				CLANG_WARN_BOOL_CONVERSION = YES;
				CLANG_WARN_CONSTANT_CONVERSION = YES;
				CLANG_WARN_DIRECT_OBJC_ISA_USAGE = YES_ERROR;
				CLANG_WARN_EMPTY_BODY = YES;
				CLANG_WARN_ENUM_CONVERSION = YES;
				CLANG_WARN_INT_CONVERSION = YES;
				CLANG_WARN_OBJC_ROOT_CLASS = YES_ERROR;
				CLANG_WARN_UNREACHABLE_CODE = YES;
				CLANG_WARN__DUPLICATE_METHOD_MATCH = YES;
				"CODE_SIGN_IDENTITY[sdk=iphoneos*]" = "iPhone Developer";
				COPY_PHASE_STRIP = NO;
				DEBUG_INFORMATION_FORMAT = dwarf;
				ENABLE_STRICT_OBJC_MSGSEND = YES;
				ENABLE_TESTABILITY = YES;
				GCC_C_LANGUAGE_STANDARD = gnu99;
				GCC_DYNAMIC_NO_PIC = NO;
				GCC_NO_COMMON_BLOCKS = YES;
				GCC_OPTIMIZATION_LEVEL = 0;
				GCC_PREPROCESSOR_DEFINITIONS = (
					"DEBUG=1",
					"$(inherited)",
				);
				GCC_WARN_64_TO_32_BIT_CONVERSION = YES;
				GCC_WARN_ABOUT_RETURN_TYPE = YES_ERROR;
				GCC_WARN_UNDECLARED_SELECTOR = YES;
				GCC_WARN_UNINITIALIZED_AUTOS = YES_AGGRESSIVE;
				GCC_WARN_UNUSED_FUNCTION = YES;
				GCC_WARN_UNUSED_VARIABLE = YES;
				IPHONEOS_DEPLOYMENT_TARGET = 9.0;
				MTL_ENABLE_DEBUG_INFO = YES;
				ONLY_ACTIVE_ARCH = YES;
				SDKROOT = iphoneos;
				SWIFT_OPTIMIZATION_LEVEL = "-Onone";
			};
			name = Debug;
		};
		A0D61A601BD8F9FF006200FD /* Release */ = {
			isa = XCBuildConfiguration;
			buildSettings = {
				ALWAYS_SEARCH_USER_PATHS = NO;
				CLANG_CXX_LANGUAGE_STANDARD = "gnu++0x";
				CLANG_CXX_LIBRARY = "libc++";
				CLANG_ENABLE_MODULES = YES;
				CLANG_ENABLE_OBJC_ARC = YES;
				CLANG_WARN_BOOL_CONVERSION = YES;
				CLANG_WARN_CONSTANT_CONVERSION = YES;
				CLANG_WARN_DIRECT_OBJC_ISA_USAGE = YES_ERROR;
				CLANG_WARN_EMPTY_BODY = YES;
				CLANG_WARN_ENUM_CONVERSION = YES;
				CLANG_WARN_INT_CONVERSION = YES;
				CLANG_WARN_OBJC_ROOT_CLASS = YES_ERROR;
				CLANG_WARN_UNREACHABLE_CODE = YES;
				CLANG_WARN__DUPLICATE_METHOD_MATCH = YES;
				"CODE_SIGN_IDENTITY[sdk=iphoneos*]" = "iPhone Developer";
				COPY_PHASE_STRIP = NO;
				DEBUG_INFORMATION_FORMAT = "dwarf-with-dsym";
				ENABLE_NS_ASSERTIONS = NO;
				ENABLE_STRICT_OBJC_MSGSEND = YES;
				GCC_C_LANGUAGE_STANDARD = gnu99;
				GCC_NO_COMMON_BLOCKS = YES;
				GCC_WARN_64_TO_32_BIT_CONVERSION = YES;
				GCC_WARN_ABOUT_RETURN_TYPE = YES_ERROR;
				GCC_WARN_UNDECLARED_SELECTOR = YES;
				GCC_WARN_UNINITIALIZED_AUTOS = YES_AGGRESSIVE;
				GCC_WARN_UNUSED_FUNCTION = YES;
				GCC_WARN_UNUSED_VARIABLE = YES;
				IPHONEOS_DEPLOYMENT_TARGET = 9.0;
				MTL_ENABLE_DEBUG_INFO = NO;
				SDKROOT = iphoneos;
				VALIDATE_PRODUCT = YES;
			};
			name = Release;
		};
		A0D61A621BD8F9FF006200FD /* Debug */ = {
			isa = XCBuildConfiguration;
			buildSettings = {
				ASSETCATALOG_COMPILER_APPICON_NAME = AppIcon;
				INFOPLIST_FILE = CloudIMTest/Info.plist;
				LD_RUNPATH_SEARCH_PATHS = "$(inherited) @executable_path/Frameworks";
				PRODUCT_BUNDLE_IDENTIFIER = edu.self.CloudIMTest;
				PRODUCT_NAME = "$(TARGET_NAME)";
			};
			name = Debug;
		};
		A0D61A631BD8F9FF006200FD /* Release */ = {
			isa = XCBuildConfiguration;
			buildSettings = {
				ASSETCATALOG_COMPILER_APPICON_NAME = AppIcon;
				INFOPLIST_FILE = CloudIMTest/Info.plist;
				LD_RUNPATH_SEARCH_PATHS = "$(inherited) @executable_path/Frameworks";
				PRODUCT_BUNDLE_IDENTIFIER = edu.self.CloudIMTest;
				PRODUCT_NAME = "$(TARGET_NAME)";
			};
			name = Release;
		};
/* End XCBuildConfiguration section */

/* Begin XCConfigurationList section */
		A0D61A4A1BD8F9FF006200FD /* Build configuration list for PBXProject "CloudIMTest" */ = {
			isa = XCConfigurationList;
			buildConfigurations = (
				A0D61A5F1BD8F9FF006200FD /* Debug */,
				A0D61A601BD8F9FF006200FD /* Release */,
			);
			defaultConfigurationIsVisible = 0;
			defaultConfigurationName = Release;
		};
		A0D61A611BD8F9FF006200FD /* Build configuration list for PBXNativeTarget "CloudIMTest" */ = {
			isa = XCConfigurationList;
			buildConfigurations = (
				A0D61A621BD8F9FF006200FD /* Debug */,
				A0D61A631BD8F9FF006200FD /* Release */,
			);
			defaultConfigurationIsVisible = 0;
		};
/* End XCConfigurationList section */
	};
	rootObject = A0D61A471BD8F9FF006200FD /* Project object */;
}
