// !$*UTF8*$!
{
	archiveVersion = 1;
	classes = {
	};
	objectVersion = 46;
	objects = {

/* Begin PBXBuildFile section */
		2E598D59F8B4D9D38728D9CA /* Pods_CloudIMTest.framework in Frameworks */ = {isa = PBXBuildFile; fileRef = FA3B98E95F1380BCA3D5087F /* Pods_CloudIMTest.framework */; };
		A061D5D41BD919C400F4F26C /* ConversationViewController.swift in Sources */ = {isa = PBXBuildFile; fileRef = A061D5D31BD919C400F4F26C /* ConversationViewController.swift */; };
		A061D5D61BD9283200F4F26C /* ConversationListViewController.swift in Sources */ = {isa = PBXBuildFile; fileRef = A061D5D51BD9283200F4F26C /* ConversationListViewController.swift */; };
		A0832C981BED80B000CE3EDE /* CheckInputs.swift in Sources */ = {isa = PBXBuildFile; fileRef = A0832C971BED80B000CE3EDE /* CheckInputs.swift */; };
		A08CD22A1BDA7014000C1B6A /* conversation.storyboard in Resources */ = {isa = PBXBuildFile; fileRef = A08CD2281BDA7014000C1B6A /* conversation.storyboard */; };
		A08CD22D1BDA71C5000C1B6A /* mine.storyboard in Resources */ = {isa = PBXBuildFile; fileRef = A08CD22B1BDA71C5000C1B6A /* mine.storyboard */; };
		A08CD2301BDA71D5000C1B6A /* contact.storyboard in Resources */ = {isa = PBXBuildFile; fileRef = A08CD22E1BDA71D5000C1B6A /* contact.storyboard */; };
		A09DD7461BE23BB700496D31 /* Podfile in Resources */ = {isa = PBXBuildFile; fileRef = A09DD7451BE23BB700496D31 /* Podfile */; };
		A0A278E91BE2593F00F2D1E2 /* found.storyboard in Resources */ = {isa = PBXBuildFile; fileRef = A0A278E71BE2593F00F2D1E2 /* found.storyboard */; };
		A0CF343C1BE10E84002705A1 /* MyQRCodeReaderViewController.swift in Sources */ = {isa = PBXBuildFile; fileRef = A0CF343B1BE10E84002705A1 /* MyQRCodeReaderViewController.swift */; };
		A0D61A531BD8F9FF006200FD /* AppDelegate.swift in Sources */ = {isa = PBXBuildFile; fileRef = A0D61A521BD8F9FF006200FD /* AppDelegate.swift */; };
		A0D61A551BD8F9FF006200FD /* ViewController.swift in Sources */ = {isa = PBXBuildFile; fileRef = A0D61A541BD8F9FF006200FD /* ViewController.swift */; };
		A0D61A581BD8F9FF006200FD /* Main.storyboard in Resources */ = {isa = PBXBuildFile; fileRef = A0D61A561BD8F9FF006200FD /* Main.storyboard */; };
		A0D61A5A1BD8F9FF006200FD /* Assets.xcassets in Resources */ = {isa = PBXBuildFile; fileRef = A0D61A591BD8F9FF006200FD /* Assets.xcassets */; };
		A0D61A5D1BD8F9FF006200FD /* LaunchScreen.storyboard in Resources */ = {isa = PBXBuildFile; fileRef = A0D61A5B1BD8F9FF006200FD /* LaunchScreen.storyboard */; };
		A0F6599B1BDC746400F6AB71 /* LoginViewController.swift in Sources */ = {isa = PBXBuildFile; fileRef = A0F6599A1BDC746400F6AB71 /* LoginViewController.swift */; };
		A0F6599D1BDC80AA00F6AB71 /* RoundImageView.swift in Sources */ = {isa = PBXBuildFile; fileRef = A0F6599C1BDC80AA00F6AB71 /* RoundImageView.swift */; };
		A0F659A01BDC937700F6AB71 /* login.storyboard in Resources */ = {isa = PBXBuildFile; fileRef = A0F6599E1BDC937700F6AB71 /* login.storyboard */; };
		A0F659A21BDC952300F6AB71 /* RegTableViewController.swift in Sources */ = {isa = PBXBuildFile; fileRef = A0F659A11BDC952300F6AB71 /* RegTableViewController.swift */; };
		A0F659A51BDCDE6D00F6AB71 /* UIView+ViewRecursion.m in Sources */ = {isa = PBXBuildFile; fileRef = A0F659A41BDCDE6D00F6AB71 /* UIView+ViewRecursion.m */; };
		A0F659A91BDD12F700F6AB71 /* RCAnimatedImagesView.m in Sources */ = {isa = PBXBuildFile; fileRef = A0F659A81BDD12F700F6AB71 /* RCAnimatedImagesView.m */; };
		A0F659AB1BDD1A3500F6AB71 /* SwiftNotice.swift in Sources */ = {isa = PBXBuildFile; fileRef = A0F659AA1BDD1A3500F6AB71 /* SwiftNotice.swift */; };
		A0F659AD1BDD1C8300F6AB71 /* UITextBox.swift in Sources */ = {isa = PBXBuildFile; fileRef = A0F659AC1BDD1C8300F6AB71 /* UITextBox.swift */; };
/* End PBXBuildFile section */

/* Begin PBXFileReference section */
		4D9E65538A01AE309244BCBB /* Pods-CloudIMTest.release.xcconfig */ = {isa = PBXFileReference; includeInIndex = 1; lastKnownFileType = text.xcconfig; name = "Pods-CloudIMTest.release.xcconfig"; path = "Pods/Target Support Files/Pods-CloudIMTest/Pods-CloudIMTest.release.xcconfig"; sourceTree = "<group>"; };
		81E937633E7062C91489CDAB /* Pods-CloudIMTest.debug.xcconfig */ = {isa = PBXFileReference; includeInIndex = 1; lastKnownFileType = text.xcconfig; name = "Pods-CloudIMTest.debug.xcconfig"; path = "Pods/Target Support Files/Pods-CloudIMTest/Pods-CloudIMTest.debug.xcconfig"; sourceTree = "<group>"; };
		A061D5D01BD90EDE00F4F26C /* CloudIMTest-Bridging-Header.h */ = {isa = PBXFileReference; lastKnownFileType = sourcecode.c.h; path = "CloudIMTest-Bridging-Header.h"; sourceTree = "<group>"; };
		A061D5D31BD919C400F4F26C /* ConversationViewController.swift */ = {isa = PBXFileReference; fileEncoding = 4; lastKnownFileType = sourcecode.swift; path = ConversationViewController.swift; sourceTree = "<group>"; };
		A061D5D51BD9283200F4F26C /* ConversationListViewController.swift */ = {isa = PBXFileReference; fileEncoding = 4; lastKnownFileType = sourcecode.swift; path = ConversationListViewController.swift; sourceTree = "<group>"; };
		A0832C961BEBAB2000CE3EDE /* MyPlayground.playground */ = {isa = PBXFileReference; lastKnownFileType = file.playground; path = MyPlayground.playground; sourceTree = "<group>"; };
		A0832C971BED80B000CE3EDE /* CheckInputs.swift */ = {isa = PBXFileReference; fileEncoding = 4; lastKnownFileType = sourcecode.swift; path = CheckInputs.swift; sourceTree = "<group>"; };
		A08CD2291BDA7014000C1B6A /* Base */ = {isa = PBXFileReference; lastKnownFileType = file.storyboard; name = Base; path = Base.lproj/conversation.storyboard; sourceTree = "<group>"; };
		A08CD22C1BDA71C5000C1B6A /* Base */ = {isa = PBXFileReference; lastKnownFileType = file.storyboard; name = Base; path = Base.lproj/mine.storyboard; sourceTree = "<group>"; };
		A08CD22F1BDA71D5000C1B6A /* Base */ = {isa = PBXFileReference; lastKnownFileType = file.storyboard; name = Base; path = Base.lproj/contact.storyboard; sourceTree = "<group>"; };
		A09DD7451BE23BB700496D31 /* Podfile */ = {isa = PBXFileReference; fileEncoding = 4; lastKnownFileType = text; path = Podfile; sourceTree = "<group>"; xcLanguageSpecificationIdentifier = xcode.lang.ruby; };
		A0A278E81BE2593F00F2D1E2 /* Base */ = {isa = PBXFileReference; lastKnownFileType = file.storyboard; name = Base; path = Base.lproj/found.storyboard; sourceTree = "<group>"; };
		A0CF343B1BE10E84002705A1 /* MyQRCodeReaderViewController.swift */ = {isa = PBXFileReference; fileEncoding = 4; lastKnownFileType = sourcecode.swift; path = MyQRCodeReaderViewController.swift; sourceTree = "<group>"; };
		A0D61A4F1BD8F9FF006200FD /* CloudIMTest.app */ = {isa = PBXFileReference; explicitFileType = wrapper.application; includeInIndex = 0; path = CloudIMTest.app; sourceTree = BUILT_PRODUCTS_DIR; };
		A0D61A521BD8F9FF006200FD /* AppDelegate.swift */ = {isa = PBXFileReference; lastKnownFileType = sourcecode.swift; path = AppDelegate.swift; sourceTree = "<group>"; };
		A0D61A541BD8F9FF006200FD /* ViewController.swift */ = {isa = PBXFileReference; lastKnownFileType = sourcecode.swift; path = ViewController.swift; sourceTree = "<group>"; };
		A0D61A571BD8F9FF006200FD /* Base */ = {isa = PBXFileReference; lastKnownFileType = file.storyboard; name = Base; path = Base.lproj/Main.storyboard; sourceTree = "<group>"; };
		A0D61A591BD8F9FF006200FD /* Assets.xcassets */ = {isa = PBXFileReference; lastKnownFileType = folder.assetcatalog; path = Assets.xcassets; sourceTree = "<group>"; };
		A0D61A5C1BD8F9FF006200FD /* Base */ = {isa = PBXFileReference; lastKnownFileType = file.storyboard; name = Base; path = Base.lproj/LaunchScreen.storyboard; sourceTree = "<group>"; };
		A0D61A5E1BD8F9FF006200FD /* Info.plist */ = {isa = PBXFileReference; lastKnownFileType = text.plist.xml; path = Info.plist; sourceTree = "<group>"; };
		A0F6599A1BDC746400F6AB71 /* LoginViewController.swift */ = {isa = PBXFileReference; fileEncoding = 4; lastKnownFileType = sourcecode.swift; path = LoginViewController.swift; sourceTree = "<group>"; };
		A0F6599C1BDC80AA00F6AB71 /* RoundImageView.swift */ = {isa = PBXFileReference; fileEncoding = 4; lastKnownFileType = sourcecode.swift; path = RoundImageView.swift; sourceTree = "<group>"; };
		A0F6599F1BDC937700F6AB71 /* Base */ = {isa = PBXFileReference; lastKnownFileType = file.storyboard; name = Base; path = Base.lproj/login.storyboard; sourceTree = "<group>"; };
		A0F659A11BDC952300F6AB71 /* RegTableViewController.swift */ = {isa = PBXFileReference; fileEncoding = 4; lastKnownFileType = sourcecode.swift; path = RegTableViewController.swift; sourceTree = "<group>"; };
		A0F659A31BDCDE6D00F6AB71 /* UIView+ViewRecursion.h */ = {isa = PBXFileReference; fileEncoding = 4; lastKnownFileType = sourcecode.c.h; path = "UIView+ViewRecursion.h"; sourceTree = "<group>"; };
		A0F659A41BDCDE6D00F6AB71 /* UIView+ViewRecursion.m */ = {isa = PBXFileReference; fileEncoding = 4; lastKnownFileType = sourcecode.c.objc; path = "UIView+ViewRecursion.m"; sourceTree = "<group>"; };
		A0F659A71BDD12E100F6AB71 /* RCAnimatedImagesView.h */ = {isa = PBXFileReference; lastKnownFileType = sourcecode.c.h; path = RCAnimatedImagesView.h; sourceTree = "<group>"; };
		A0F659A81BDD12F700F6AB71 /* RCAnimatedImagesView.m */ = {isa = PBXFileReference; fileEncoding = 4; lastKnownFileType = sourcecode.c.objc; path = RCAnimatedImagesView.m; sourceTree = "<group>"; };
		A0F659AA1BDD1A3500F6AB71 /* SwiftNotice.swift */ = {isa = PBXFileReference; fileEncoding = 4; lastKnownFileType = sourcecode.swift; path = SwiftNotice.swift; sourceTree = "<group>"; };
		A0F659AC1BDD1C8300F6AB71 /* UITextBox.swift */ = {isa = PBXFileReference; fileEncoding = 4; lastKnownFileType = sourcecode.swift; path = UITextBox.swift; sourceTree = "<group>"; };
		FA3B98E95F1380BCA3D5087F /* Pods_CloudIMTest.framework */ = {isa = PBXFileReference; explicitFileType = wrapper.framework; includeInIndex = 0; path = Pods_CloudIMTest.framework; sourceTree = BUILT_PRODUCTS_DIR; };
/* End PBXFileReference section */

/* Begin PBXFrameworksBuildPhase section */
		A0D61A4C1BD8F9FF006200FD /* Frameworks */ = {
			isa = PBXFrameworksBuildPhase;
			buildActionMask = 2147483647;
			files = (
				2E598D59F8B4D9D38728D9CA /* Pods_CloudIMTest.framework in Frameworks */,
			);
			runOnlyForDeploymentPostprocessing = 0;
		};
/* End PBXFrameworksBuildPhase section */

/* Begin PBXGroup section */
		43C8C0436191A9CC8DB47713 /* Frameworks */ = {
			isa = PBXGroup;
			children = (
				FA3B98E95F1380BCA3D5087F /* Pods_CloudIMTest.framework */,
			);
			name = Frameworks;
			sourceTree = "<group>";
		};
		45F937445A80B80E157FC82D /* Pods */ = {
			isa = PBXGroup;
			children = (
				81E937633E7062C91489CDAB /* Pods-CloudIMTest.debug.xcconfig */,
				4D9E65538A01AE309244BCBB /* Pods-CloudIMTest.release.xcconfig */,
			);
			name = Pods;
			sourceTree = "<group>";
		};
		A08CD2311BDA726D000C1B6A /* Storyboard */ = {
			isa = PBXGroup;
			children = (
				A0A278E71BE2593F00F2D1E2 /* found.storyboard */,
				A0F6599E1BDC937700F6AB71 /* login.storyboard */,
				A08CD22E1BDA71D5000C1B6A /* contact.storyboard */,
				A08CD22B1BDA71C5000C1B6A /* mine.storyboard */,
				A08CD2281BDA7014000C1B6A /* conversation.storyboard */,
			);
			name = Storyboard;
			sourceTree = "<group>";
		};
		A0D61A461BD8F9FF006200FD = {
			isa = PBXGroup;
			children = (
				A09DD7451BE23BB700496D31 /* Podfile */,
				A0D61A511BD8F9FF006200FD /* CloudIMTest */,
				A0D61A501BD8F9FF006200FD /* Products */,
				45F937445A80B80E157FC82D /* Pods */,
				43C8C0436191A9CC8DB47713 /* Frameworks */,
			);
			sourceTree = "<group>";
		};
		A0D61A501BD8F9FF006200FD /* Products */ = {
			isa = PBXGroup;
			children = (
				A0D61A4F1BD8F9FF006200FD /* CloudIMTest.app */,
			);
			name = Products;
			sourceTree = "<group>";
		};
		A0D61A511BD8F9FF006200FD /* CloudIMTest */ = {
			isa = PBXGroup;
			children = (
				A0F659A61BDCDE9E00F6AB71 /* 3rd */,
				A08CD2311BDA726D000C1B6A /* Storyboard */,
				A0D61A521BD8F9FF006200FD /* AppDelegate.swift */,
				A061D5D51BD9283200F4F26C /* ConversationListViewController.swift */,
				A0832C961BEBAB2000CE3EDE /* MyPlayground.playground */,
				A0CF343B1BE10E84002705A1 /* MyQRCodeReaderViewController.swift */,
				A0F6599C1BDC80AA00F6AB71 /* RoundImageView.swift */,
				A0832C971BED80B000CE3EDE /* CheckInputs.swift */,
				A0D61A541BD8F9FF006200FD /* ViewController.swift */,
				A0F659A11BDC952300F6AB71 /* RegTableViewController.swift */,
				A0D61A561BD8F9FF006200FD /* Main.storyboard */,
				A061D5D31BD919C400F4F26C /* ConversationViewController.swift */,
				A0F6599A1BDC746400F6AB71 /* LoginViewController.swift */,
				A0D61A591BD8F9FF006200FD /* Assets.xcassets */,
				A0D61A5B1BD8F9FF006200FD /* LaunchScreen.storyboard */,
				A0D61A5E1BD8F9FF006200FD /* Info.plist */,
				A061D5D01BD90EDE00F4F26C /* CloudIMTest-Bridging-Header.h */,
			);
			path = CloudIMTest;
			sourceTree = "<group>";
		};
		A0F659A61BDCDE9E00F6AB71 /* 3rd */ = {
			isa = PBXGroup;
			children = (
				A0F659AC1BDD1C8300F6AB71 /* UITextBox.swift */,
				A0F659AA1BDD1A3500F6AB71 /* SwiftNotice.swift */,
				A0F659A31BDCDE6D00F6AB71 /* UIView+ViewRecursion.h */,
				A0F659A41BDCDE6D00F6AB71 /* UIView+ViewRecursion.m */,
				A0F659A71BDD12E100F6AB71 /* RCAnimatedImagesView.h */,
				A0F659A81BDD12F700F6AB71 /* RCAnimatedImagesView.m */,
			);
			name = 3rd;
			sourceTree = "<group>";
		};
/* End PBXGroup section */

/* Begin PBXNativeTarget section */
		A0D61A4E1BD8F9FF006200FD /* CloudIMTest */ = {
			isa = PBXNativeTarget;
			buildConfigurationList = A0D61A611BD8F9FF006200FD /* Build configuration list for PBXNativeTarget "CloudIMTest" */;
			buildPhases = (
				12785C51CE049572A4B22E07 /* Check Pods Manifest.lock */,
				A0D61A4B1BD8F9FF006200FD /* Sources */,
				A0D61A4C1BD8F9FF006200FD /* Frameworks */,
				A0D61A4D1BD8F9FF006200FD /* Resources */,
				B71B462880A09E3B8C226930 /* Embed Pods Frameworks */,
				7ED0736FDE290DDD39A053FC /* Copy Pods Resources */,
			);
			buildRules = (
			);
			dependencies = (
			);
			name = CloudIMTest;
			productName = CloudIMTest;
			productReference = A0D61A4F1BD8F9FF006200FD /* CloudIMTest.app */;
			productType = "com.apple.product-type.application";
		};
/* End PBXNativeTarget section */

/* Begin PBXProject section */
		A0D61A471BD8F9FF006200FD /* Project object */ = {
			isa = PBXProject;
			attributes = {
				LastSwiftUpdateCheck = 0700;
				LastUpgradeCheck = 0700;
				ORGANIZATIONNAME = AppCode;
				TargetAttributes = {
					A0D61A4E1BD8F9FF006200FD = {
						CreatedOnToolsVersion = 7.0.1;
						DevelopmentTeam = 8ZGEZ5X9CC;
					};
				};
			};
			buildConfigurationList = A0D61A4A1BD8F9FF006200FD /* Build configuration list for PBXProject "CloudIMTest" */;
			compatibilityVersion = "Xcode 3.2";
			developmentRegion = English;
			hasScannedForEncodings = 0;
			knownRegions = (
				en,
				Base,
			);
			mainGroup = A0D61A461BD8F9FF006200FD;
			productRefGroup = A0D61A501BD8F9FF006200FD /* Products */;
			projectDirPath = "";
			projectRoot = "";
			targets = (
				A0D61A4E1BD8F9FF006200FD /* CloudIMTest */,
			);
		};
/* End PBXProject section */

/* Begin PBXResourcesBuildPhase section */
		A0D61A4D1BD8F9FF006200FD /* Resources */ = {
			isa = PBXResourcesBuildPhase;
			buildActionMask = 2147483647;
			files = (
				A0F659A01BDC937700F6AB71 /* login.storyboard in Resources */,
				A08CD22D1BDA71C5000C1B6A /* mine.storyboard in Resources */,
				A0A278E91BE2593F00F2D1E2 /* found.storyboard in Resources */,
				A09DD7461BE23BB700496D31 /* Podfile in Resources */,
				A0D61A5D1BD8F9FF006200FD /* LaunchScreen.storyboard in Resources */,
				A0D61A5A1BD8F9FF006200FD /* Assets.xcassets in Resources */,
				A08CD2301BDA71D5000C1B6A /* contact.storyboard in Resources */,
				A0D61A581BD8F9FF006200FD /* Main.storyboard in Resources */,
				A08CD22A1BDA7014000C1B6A /* conversation.storyboard in Resources */,
			);
			runOnlyForDeploymentPostprocessing = 0;
		};
/* End PBXResourcesBuildPhase section */

/* Begin PBXShellScriptBuildPhase section */
		12785C51CE049572A4B22E07 /* Check Pods Manifest.lock */ = {
			isa = PBXShellScriptBuildPhase;
			buildActionMask = 2147483647;
			files = (
			);
			inputPaths = (
			);
			name = "Check Pods Manifest.lock";
			outputPaths = (
			);
			runOnlyForDeploymentPostprocessing = 0;
			shellPath = /bin/sh;
			shellScript = "diff \"${PODS_ROOT}/../Podfile.lock\" \"${PODS_ROOT}/Manifest.lock\" > /dev/null\nif [[ $? != 0 ]] ; then\n    cat << EOM\nerror: The sandbox is not in sync with the Podfile.lock. Run 'pod install' or update your CocoaPods installation.\nEOM\n    exit 1\nfi\n";
			showEnvVarsInLog = 0;
		};
		7ED0736FDE290DDD39A053FC /* Copy Pods Resources */ = {
			isa = PBXShellScriptBuildPhase;
			buildActionMask = 2147483647;
			files = (
			);
			inputPaths = (
			);
			name = "Copy Pods Resources";
			outputPaths = (
			);
			runOnlyForDeploymentPostprocessing = 0;
			shellPath = /bin/sh;
			shellScript = "\"${SRCROOT}/Pods/Target Support Files/Pods-CloudIMTest/Pods-CloudIMTest-resources.sh\"\n";
			showEnvVarsInLog = 0;
		};
		B71B462880A09E3B8C226930 /* Embed Pods Frameworks */ = {
			isa = PBXShellScriptBuildPhase;
			buildActionMask = 2147483647;
			files = (
			);
			inputPaths = (
			);
			name = "Embed Pods Frameworks";
			outputPaths = (
			);
			runOnlyForDeploymentPostprocessing = 0;
			shellPath = /bin/sh;
			shellScript = "\"${SRCROOT}/Pods/Target Support Files/Pods-CloudIMTest/Pods-CloudIMTest-frameworks.sh\"\n";
			showEnvVarsInLog = 0;
		};
/* End PBXShellScriptBuildPhase section */

/* Begin PBXSourcesBuildPhase section */
		A0D61A4B1BD8F9FF006200FD /* Sources */ = {
			isa = PBXSourcesBuildPhase;
			buildActionMask = 2147483647;
			files = (
				A0F659AD1BDD1C8300F6AB71 /* UITextBox.swift in Sources */,
				A0D61A551BD8F9FF006200FD /* ViewController.swift in Sources */,
				A0CF343C1BE10E84002705A1 /* MyQRCodeReaderViewController.swift in Sources */,
				A061D5D61BD9283200F4F26C /* ConversationListViewController.swift in Sources */,
				A0F659A51BDCDE6D00F6AB71 /* UIView+ViewRecursion.m in Sources */,
				A0F659AB1BDD1A3500F6AB71 /* SwiftNotice.swift in Sources */,
				A0F659A91BDD12F700F6AB71 /* RCAnimatedImagesView.m in Sources */,
				A0D61A531BD8F9FF006200FD /* AppDelegate.swift in Sources */,
				A0F6599B1BDC746400F6AB71 /* LoginViewController.swift in Sources */,
				A061D5D41BD919C400F4F26C /* ConversationViewController.swift in Sources */,
				A0F6599D1BDC80AA00F6AB71 /* RoundImageView.swift in Sources */,
				A0F659A21BDC952300F6AB71 /* RegTableViewController.swift in Sources */,
				A0832C981BED80B000CE3EDE /* CheckInputs.swift in Sources */,
			);
			runOnlyForDeploymentPostprocessing = 0;
		};
/* End PBXSourcesBuildPhase section */

/* Begin PBXVariantGroup section */
		A08CD2281BDA7014000C1B6A /* conversation.storyboard */ = {
			isa = PBXVariantGroup;
			children = (
				A08CD2291BDA7014000C1B6A /* Base */,
			);
			name = conversation.storyboard;
			sourceTree = "<group>";
		};
		A08CD22B1BDA71C5000C1B6A /* mine.storyboard */ = {
			isa = PBXVariantGroup;
			children = (
				A08CD22C1BDA71C5000C1B6A /* Base */,
			);
			name = mine.storyboard;
			sourceTree = "<group>";
		};
		A08CD22E1BDA71D5000C1B6A /* contact.storyboard */ = {
			isa = PBXVariantGroup;
			children = (
				A08CD22F1BDA71D5000C1B6A /* Base */,
			);
			name = contact.storyboard;
			sourceTree = "<group>";
		};
		A0A278E71BE2593F00F2D1E2 /* found.storyboard */ = {
			isa = PBXVariantGroup;
			children = (
				A0A278E81BE2593F00F2D1E2 /* Base */,
			);
			name = found.storyboard;
			sourceTree = "<group>";
		};
		A0D61A561BD8F9FF006200FD /* Main.storyboard */ = {
			isa = PBXVariantGroup;
			children = (
				A0D61A571BD8F9FF006200FD /* Base */,
			);
			name = Main.storyboard;
			sourceTree = "<group>";
		};
		A0D61A5B1BD8F9FF006200FD /* LaunchScreen.storyboard */ = {
			isa = PBXVariantGroup;
			children = (
				A0D61A5C1BD8F9FF006200FD /* Base */,
			);
			name = LaunchScreen.storyboard;
			sourceTree = "<group>";
		};
		A0F6599E1BDC937700F6AB71 /* login.storyboard */ = {
			isa = PBXVariantGroup;
			children = (
				A0F6599F1BDC937700F6AB71 /* Base */,
			);
			name = login.storyboard;
			sourceTree = "<group>";
		};
/* End PBXVariantGroup section */

/* Begin XCBuildConfiguration section */
		A0D61A5F1BD8F9FF006200FD /* Debug */ = {
			isa = XCBuildConfiguration;
			buildSettings = {
				ALWAYS_SEARCH_USER_PATHS = NO;
				CLANG_CXX_LANGUAGE_STANDARD = "gnu++0x";
				CLANG_CXX_LIBRARY = "libc++";
				CLANG_ENABLE_MODULES = YES;
				CLANG_ENABLE_OBJC_ARC = YES;
				CLANG_WARN_BOOL_CONVERSION = YES;
				CLANG_WARN_CONSTANT_CONVERSION = YES;
				CLANG_WARN_DIRECT_OBJC_ISA_USAGE = YES_ERROR;
				CLANG_WARN_EMPTY_BODY = YES;
				CLANG_WARN_ENUM_CONVERSION = YES;
				CLANG_WARN_INT_CONVERSION = YES;
				CLANG_WARN_OBJC_ROOT_CLASS = YES_ERROR;
				CLANG_WARN_UNREACHABLE_CODE = YES;
				CLANG_WARN__DUPLICATE_METHOD_MATCH = YES;
				"CODE_SIGN_IDENTITY[sdk=iphoneos*]" = "iPhone Developer";
				COPY_PHASE_STRIP = NO;
				DEBUG_INFORMATION_FORMAT = dwarf;
				ENABLE_STRICT_OBJC_MSGSEND = YES;
				ENABLE_TESTABILITY = YES;
				GCC_C_LANGUAGE_STANDARD = gnu99;
				GCC_DYNAMIC_NO_PIC = NO;
				GCC_NO_COMMON_BLOCKS = YES;
				GCC_OPTIMIZATION_LEVEL = 0;
				GCC_PREPROCESSOR_DEFINITIONS = (
					"DEBUG=1",
					"$(inherited)",
				);
				GCC_WARN_64_TO_32_BIT_CONVERSION = YES;
				GCC_WARN_ABOUT_RETURN_TYPE = YES_ERROR;
				GCC_WARN_UNDECLARED_SELECTOR = YES;
				GCC_WARN_UNINITIALIZED_AUTOS = YES_AGGRESSIVE;
				GCC_WARN_UNUSED_FUNCTION = YES;
				GCC_WARN_UNUSED_VARIABLE = YES;
				IPHONEOS_DEPLOYMENT_TARGET = 9.0;
				MTL_ENABLE_DEBUG_INFO = YES;
				ONLY_ACTIVE_ARCH = YES;
				SDKROOT = iphoneos;
				SWIFT_OPTIMIZATION_LEVEL = "-Onone";
			};
			name = Debug;
		};
		A0D61A601BD8F9FF006200FD /* Release */ = {
			isa = XCBuildConfiguration;
			buildSettings = {
				ALWAYS_SEARCH_USER_PATHS = NO;
				CLANG_CXX_LANGUAGE_STANDARD = "gnu++0x";
				CLANG_CXX_LIBRARY = "libc++";
				CLANG_ENABLE_MODULES = YES;
				CLANG_ENABLE_OBJC_ARC = YES;
				CLANG_WARN_BOOL_CONVERSION = YES;
				CLANG_WARN_CONSTANT_CONVERSION = YES;
				CLANG_WARN_DIRECT_OBJC_ISA_USAGE = YES_ERROR;
				CLANG_WARN_EMPTY_BODY = YES;
				CLANG_WARN_ENUM_CONVERSION = YES;
				CLANG_WARN_INT_CONVERSION = YES;
				CLANG_WARN_OBJC_ROOT_CLASS = YES_ERROR;
				CLANG_WARN_UNREACHABLE_CODE = YES;
				CLANG_WARN__DUPLICATE_METHOD_MATCH = YES;
				"CODE_SIGN_IDENTITY[sdk=iphoneos*]" = "iPhone Developer";
				COPY_PHASE_STRIP = NO;
				DEBUG_INFORMATION_FORMAT = "dwarf-with-dsym";
				ENABLE_NS_ASSERTIONS = NO;
				ENABLE_STRICT_OBJC_MSGSEND = YES;
				GCC_C_LANGUAGE_STANDARD = gnu99;
				GCC_NO_COMMON_BLOCKS = YES;
				GCC_WARN_64_TO_32_BIT_CONVERSION = YES;
				GCC_WARN_ABOUT_RETURN_TYPE = YES_ERROR;
				GCC_WARN_UNDECLARED_SELECTOR = YES;
				GCC_WARN_UNINITIALIZED_AUTOS = YES_AGGRESSIVE;
				GCC_WARN_UNUSED_FUNCTION = YES;
				GCC_WARN_UNUSED_VARIABLE = YES;
				IPHONEOS_DEPLOYMENT_TARGET = 9.0;
				MTL_ENABLE_DEBUG_INFO = NO;
				SDKROOT = iphoneos;
				VALIDATE_PRODUCT = YES;
			};
			name = Release;
		};
		A0D61A621BD8F9FF006200FD /* Debug */ = {
			isa = XCBuildConfiguration;
			baseConfigurationReference = 81E937633E7062C91489CDAB /* Pods-CloudIMTest.debug.xcconfig */;
			buildSettings = {
				ASSETCATALOG_COMPILER_APPICON_NAME = AppIcon;
				CLANG_ENABLE_MODULES = YES;
				CODE_SIGN_IDENTITY = "iPhone Developer";
				"CODE_SIGN_IDENTITY[sdk=iphoneos*]" = "iPhone Developer";
				INFOPLIST_FILE = CloudIMTest/Info.plist;
				IPHONEOS_DEPLOYMENT_TARGET = 9.1;
				LD_RUNPATH_SEARCH_PATHS = "$(inherited) @executable_path/Frameworks";
				PRODUCT_BUNDLE_IDENTIFIER = edu.self.CloudIMTest;
				PRODUCT_NAME = "$(TARGET_NAME)";
				PROVISIONING_PROFILE = "";
				SWIFT_OBJC_BRIDGING_HEADER = "CloudIMTest/CloudIMTest-Bridging-Header.h";
				SWIFT_OPTIMIZATION_LEVEL = "-Onone";
			};
			name = Debug;
		};
		A0D61A631BD8F9FF006200FD /* Release */ = {
			isa = XCBuildConfiguration;
			baseConfigurationReference = 4D9E65538A01AE309244BCBB /* Pods-CloudIMTest.release.xcconfig */;
			buildSettings = {
				ASSETCATALOG_COMPILER_APPICON_NAME = AppIcon;
				CLANG_ENABLE_MODULES = YES;
				CODE_SIGN_IDENTITY = "iPhone Developer";
				"CODE_SIGN_IDENTITY[sdk=iphoneos*]" = "iPhone Developer";
				INFOPLIST_FILE = CloudIMTest/Info.plist;
				IPHONEOS_DEPLOYMENT_TARGET = 9.1;
				LD_RUNPATH_SEARCH_PATHS = "$(inherited) @executable_path/Frameworks";
				PRODUCT_BUNDLE_IDENTIFIER = edu.self.CloudIMTest;
				PRODUCT_NAME = "$(TARGET_NAME)";
				PROVISIONING_PROFILE = "";
				SWIFT_OBJC_BRIDGING_HEADER = "CloudIMTest/CloudIMTest-Bridging-Header.h";
			};
			name = Release;
		};
/* End XCBuildConfiguration section */

/* Begin XCConfigurationList section */
		A0D61A4A1BD8F9FF006200FD /* Build configuration list for PBXProject "CloudIMTest" */ = {
			isa = XCConfigurationList;
			buildConfigurations = (
				A0D61A5F1BD8F9FF006200FD /* Debug */,
				A0D61A601BD8F9FF006200FD /* Release */,
			);
			defaultConfigurationIsVisible = 0;
			defaultConfigurationName = Release;
		};
		A0D61A611BD8F9FF006200FD /* Build configuration list for PBXNativeTarget "CloudIMTest" */ = {
			isa = XCConfigurationList;
			buildConfigurations = (
				A0D61A621BD8F9FF006200FD /* Debug */,
				A0D61A631BD8F9FF006200FD /* Release */,
			);
			defaultConfigurationIsVisible = 0;
			defaultConfigurationName = Release;
		};
/* End XCConfigurationList section */
	};
	rootObject = A0D61A471BD8F9FF006200FD /* Project object */;
}
